{
  "version": 4,
  "terraform_version": "0.13.3",
  "serial": 34,
  "lineage": "f2046dd8-52d2-969d-5060-0c7e75ebd807",
  "outputs": {},
  "resources": [
    {
      "mode": "data",
      "type": "xenorchestra_network",
      "name": "net",
      "provider": "provider[\"registry.terraform.io/terra-farm/xenorchestra\"]",
      "instances": [
        {
          "schema_version": 0,
          "attributes": {
            "bridge": "xenbr0",
            "id": "63a7fd14-419a-2b8c-996e-7275733d802b",
            "name_label": "Pool-wide network associated with eth0",
            "pool_id": "881797aa-8bcf-0d9c-70bb-29f99cfb78df"
          }
        }
      ]
    },
    {
      "mode": "data",
      "type": "xenorchestra_pool",
      "name": "pool",
      "provider": "provider[\"registry.terraform.io/terra-farm/xenorchestra\"]",
      "instances": [
        {
          "schema_version": 0,
          "attributes": {
            "cpus": {
              "cores": "32",
              "sockets": "2"
            },
            "description": "",
            "id": "881797aa-8bcf-0d9c-70bb-29f99cfb78df",
            "name_label": "MICZONE-SRV01"
          }
        }
      ]
    },
    {
      "mode": "data",
      "type": "xenorchestra_sr",
      "name": "local_storage",
      "provider": "provider[\"registry.terraform.io/terra-farm/xenorchestra\"]",
      "instances": [
        {
          "schema_version": 0,
          "attributes": {
            "id": "c19f460b-7960-0eb5-344d-5424cd356111",
            "name_label": "Local storage",
            "pool_id": "881797aa-8bcf-0d9c-70bb-29f99cfb78df",
            "sr_type": "lvm",
            "uuid": "c19f460b-7960-0eb5-344d-5424cd356111"
          }
        }
      ]
    },
    {
      "mode": "data",
      "type": "xenorchestra_template",
      "name": "fedoraCoreOs",
      "provider": "provider[\"registry.terraform.io/terra-farm/xenorchestra\"]",
      "instances": [
        {
          "schema_version": 0,
          "attributes": {
            "id": "4a638116-e391-d9d4-843a-c98e609bd571",
            "name_label": "Fedora CoreOS",
            "uuid": "4a638116-e391-d9d4-843a-c98e609bd571"
          }
        }
      ]
    },
    {
      "mode": "managed",
      "type": "xenorchestra_cloud_config",
      "name": "base",
      "provider": "provider[\"registry.terraform.io/terra-farm/xenorchestra\"]",
      "instances": [
        {
          "schema_version": 0,
          "attributes": {
            "id": "faaf61d0-873f-4a26-93ba-74df978b6e7c",
            "name": "cloudconfig",
            "template": "#cloud-init\ntimezone: Asia/Ho_Chi_Minh\npackage_update: true\npackage_upgrade: true\nusers:\n  - name: test\n    gecos: Test User\n    groups: sudo\n    passwd: test\n    sudo: ['ALL=(ALL) NOPASSWD:ALL']\n\nruncmd:\n - [ ls, -l, / ]\n - [ sh, -xc, \"echo $(date) ': hello world!'\" ]\n - [ sh, -c, echo \"=========hello world'=========\" ]\n - ls -l /root\n"
          },
          "private": "bnVsbA=="
        }
      ]
    },
    {
      "mode": "managed",
      "type": "xenorchestra_vm",
      "name": "k8master",
      "provider": "provider[\"registry.terraform.io/terra-farm/xenorchestra\"]",
      "instances": [
        {
          "schema_version": 0,
          "attributes": {
            "auto_poweron": true,
            "cloud_config": "#cloud-init\ntimezone: Asia/Ho_Chi_Minh\npackage_update: true\npackage_upgrade: true\nusers:\n  - name: test\n    gecos: Test User\n    groups: sudo\n    passwd: test\n    sudo: ['ALL=(ALL) NOPASSWD:ALL']\n\nruncmd:\n - [ ls, -l, / ]\n - [ sh, -xc, \"echo $(date) ': hello world!'\" ]\n - [ sh, -c, echo \"=========hello world'=========\" ]\n - ls -l /root\n",
            "core_os": true,
            "cpu_cap": 0,
            "cpu_weight": 0,
            "cpus": 2,
            "disk": [
              {
                "name_label": "K8s Master",
                "size": 32212254720,
                "sr_id": "c19f460b-7960-0eb5-344d-5424cd356111"
              }
            ],
            "high_availability": null,
            "id": "5ec5b776-6b1b-961d-0747-8043ac35980b",
            "memory_max": 4294967296,
            "name_description": "K8s Master",
            "name_label": "K8s Master",
            "network": [
              {
                "attached": true,
                "device": "0",
                "mac_address": "22:3f:a7:cf:85:3c",
                "network_id": "63a7fd14-419a-2b8c-996e-7275733d802b"
              }
            ],
            "template": "4a638116-e391-d9d4-843a-c98e609bd571",
            "timeouts": null
          },
          "private": "eyJlMmJmYjczMC1lY2FhLTExZTYtOGY4OC0zNDM2M2JjN2M0YzAiOnsiY3JlYXRlIjozMDAwMDAwMDAwMDAsInVwZGF0ZSI6MzAwMDAwMDAwMDAwfX0=",
          "dependencies": [
            "data.xenorchestra_network.net",
            "data.xenorchestra_sr.local_storage",
            "data.xenorchestra_template.fedoraCoreOs",
            "xenorchestra_cloud_config.base"
          ]
        }
      ]
    },
    {
      "mode": "managed",
      "type": "xenorchestra_vm",
      "name": "k8node",
      "provider": "provider[\"registry.terraform.io/terra-farm/xenorchestra\"]",
      "instances": [
        {
          "index_key": 0,
          "schema_version": 0,
          "attributes": {
            "auto_poweron": true,
            "cloud_config": "#cloud-init\ntimezone: Asia/Ho_Chi_Minh\npackage_update: true\npackage_upgrade: true\nusers:\n  - name: test\n    gecos: Test User\n    groups: sudo\n    passwd: test\n    sudo: ['ALL=(ALL) NOPASSWD:ALL']\n\nruncmd:\n - [ ls, -l, / ]\n - [ sh, -xc, \"echo $(date) ': hello world!'\" ]\n - [ sh, -c, echo \"=========hello world'=========\" ]\n - ls -l /root\n",
            "core_os": true,
            "cpu_cap": 0,
            "cpu_weight": 0,
            "cpus": 2,
            "disk": [
              {
                "name_label": "K8s Node 0",
                "size": 32212254720,
                "sr_id": "c19f460b-7960-0eb5-344d-5424cd356111"
              }
            ],
            "high_availability": null,
            "id": "47e458aa-f0ab-72ae-0a50-ea3bffd02b03",
            "memory_max": 4294967296,
            "name_description": "K8s Node 0",
            "name_label": "K8s Node 0",
            "network": [
              {
                "attached": true,
                "device": "0",
                "mac_address": "92:27:7e:e1:63:d4",
                "network_id": "63a7fd14-419a-2b8c-996e-7275733d802b"
              }
            ],
            "template": "4a638116-e391-d9d4-843a-c98e609bd571",
            "timeouts": null
          },
          "private": "eyJlMmJmYjczMC1lY2FhLTExZTYtOGY4OC0zNDM2M2JjN2M0YzAiOnsiY3JlYXRlIjozMDAwMDAwMDAwMDAsInVwZGF0ZSI6MzAwMDAwMDAwMDAwfX0=",
          "dependencies": [
            "data.xenorchestra_network.net",
            "data.xenorchestra_sr.local_storage",
            "data.xenorchestra_template.fedoraCoreOs",
            "xenorchestra_cloud_config.base"
          ]
        },
        {
          "index_key": 1,
          "schema_version": 0,
          "attributes": {
            "auto_poweron": true,
            "cloud_config": "#cloud-init\ntimezone: Asia/Ho_Chi_Minh\npackage_update: true\npackage_upgrade: true\nusers:\n  - name: test\n    gecos: Test User\n    groups: sudo\n    passwd: test\n    sudo: ['ALL=(ALL) NOPASSWD:ALL']\n\nruncmd:\n - [ ls, -l, / ]\n - [ sh, -xc, \"echo $(date) ': hello world!'\" ]\n - [ sh, -c, echo \"=========hello world'=========\" ]\n - ls -l /root\n",
            "core_os": true,
            "cpu_cap": 0,
            "cpu_weight": 0,
            "cpus": 2,
            "disk": [
              {
                "name_label": "K8s Node 1",
                "size": 32212254720,
                "sr_id": "c19f460b-7960-0eb5-344d-5424cd356111"
              }
            ],
            "high_availability": null,
            "id": "ed9dbaa3-99a0-81c4-f8b6-05342e9c7f64",
            "memory_max": 4294967296,
            "name_description": "K8s Node 1",
            "name_label": "K8s Node 1",
            "network": [
              {
                "attached": true,
                "device": "0",
                "mac_address": "c6:d6:87:5d:ad:26",
                "network_id": "63a7fd14-419a-2b8c-996e-7275733d802b"
              }
            ],
            "template": "4a638116-e391-d9d4-843a-c98e609bd571",
            "timeouts": null
          },
          "private": "eyJlMmJmYjczMC1lY2FhLTExZTYtOGY4OC0zNDM2M2JjN2M0YzAiOnsiY3JlYXRlIjozMDAwMDAwMDAwMDAsInVwZGF0ZSI6MzAwMDAwMDAwMDAwfX0=",
          "dependencies": [
            "data.xenorchestra_network.net",
            "data.xenorchestra_sr.local_storage",
            "data.xenorchestra_template.fedoraCoreOs",
            "xenorchestra_cloud_config.base"
          ]
        }
      ]
    }
  ]
}
