{
  "version": 4,
  "terraform_version": "0.13.5",
  "serial": 1,
  "lineage": "acdc673e-2296-51fa-53a9-4f60a2f77f38",
  "outputs": {},
  "resources": [
    {
      "mode": "managed",
      "type": "cloudstack_instance",
      "name": "web",
      "provider": "provider[\"registry.terraform.io/terraform-providers/cloudstack\"]",
      "instances": [
        {
          "index_key": 0,
          "schema_version": 0,
          "attributes": {
            "affinity_group_ids": null,
            "affinity_group_names": null,
            "display_name": "k8minionb-0",
            "expunge": false,
            "group": "",
            "id": "732a685b-6dda-408a-ba34-bf88a71d9926",
            "ip_address": "192.168.3.157",
            "keypair": null,
            "name": "k8minionb-0",
            "network_id": "2f4ac27d-77e3-4ffe-a1cc-94c447b4a732",
            "project": "",
            "root_disk_size": 8,
            "security_group_ids": null,
            "security_group_names": null,
            "service_offering": "Small Instance",
            "start_vm": true,
            "template": "Debian10_CloudInit",
            "user_data": "1f9740beab5f28c9d1984c6ce936376538ab87bb",
            "zone": "zone-01"
          },
          "private": "bnVsbA=="
        }
      ]
    }
  ]
}
